
Microsoft Visual Studio Solution File, Format Version 12.00
# Visual Studio Version 16
VisualStudioVersion = 16.0.30114.105
MinimumVisualStudioVersion = 10.0.40219.1
Project("{FAE04EC0-301F-11D3-BF4B-00C04F79EFBC}") = "API", "API\API.csproj", "{39BDE2D9-D99A-4A3B-B3A2-7F65A9471D39}"
EndProject
Project("{FAE04EC0-301F-11D3-BF4B-00C04F79EFBC}") = "Application", "Application\Application.csproj", "{8F2E9237-883D-4415-8B4A-758E2463E5B5}"
EndProject
Project("{FAE04EC0-301F-11D3-BF4B-00C04F79EFBC}") = "Domain", "Domain\Domain.csproj", "{086ACB66-9612-48F9-8848-6C984F5FE460}"
EndProject
Project("{FAE04EC0-301F-11D3-BF4B-00C04F79EFBC}") = "Persistence", "Persistence\Persistence.csproj", "{DCFFCDF8-A806-46A3-8FD0-52D5E77DF3F8}"
EndProject
Global
	GlobalSection(SolutionConfigurationPlatforms) = preSolution
		Debug|Any CPU = Debug|Any CPU
		Debug|x64 = Debug|x64
		Debug|x86 = Debug|x86
		Release|Any CPU = Release|Any CPU
		Release|x64 = Release|x64
		Release|x86 = Release|x86
	EndGlobalSection
	GlobalSection(SolutionProperties) = preSolution
		HideSolutionNode = FALSE
	EndGlobalSection
	GlobalSection(ProjectConfigurationPlatforms) = postSolution
		{39BDE2D9-D99A-4A3B-B3A2-7F65A9471D39}.Debug|Any CPU.ActiveCfg = Debug|Any CPU
		{39BDE2D9-D99A-4A3B-B3A2-7F65A9471D39}.Debug|Any CPU.Build.0 = Debug|Any CPU
		{39BDE2D9-D99A-4A3B-B3A2-7F65A9471D39}.Debug|x64.ActiveCfg = Debug|Any CPU
		{39BDE2D9-D99A-4A3B-B3A2-7F65A9471D39}.Debug|x64.Build.0 = Debug|Any CPU
		{39BDE2D9-D99A-4A3B-B3A2-7F65A9471D39}.Debug|x86.ActiveCfg = Debug|Any CPU
		{39BDE2D9-D99A-4A3B-B3A2-7F65A9471D39}.Debug|x86.Build.0 = Debug|Any CPU
		{39BDE2D9-D99A-4A3B-B3A2-7F65A9471D39}.Release|Any CPU.ActiveCfg = Release|Any CPU
		{39BDE2D9-D99A-4A3B-B3A2-7F65A9471D39}.Release|Any CPU.Build.0 = Release|Any CPU
		{39BDE2D9-D99A-4A3B-B3A2-7F65A9471D39}.Release|x64.ActiveCfg = Release|Any CPU
		{39BDE2D9-D99A-4A3B-B3A2-7F65A9471D39}.Release|x64.Build.0 = Release|Any CPU
		{39BDE2D9-D99A-4A3B-B3A2-7F65A9471D39}.Release|x86.ActiveCfg = Release|Any CPU
		{39BDE2D9-D99A-4A3B-B3A2-7F65A9471D39}.Release|x86.Build.0 = Release|Any CPU
		{8F2E9237-883D-4415-8B4A-758E2463E5B5}.Debug|Any CPU.ActiveCfg = Debug|Any CPU
		{8F2E9237-883D-4415-8B4A-758E2463E5B5}.Debug|Any CPU.Build.0 = Debug|Any CPU
		{8F2E9237-883D-4415-8B4A-758E2463E5B5}.Debug|x64.ActiveCfg = Debug|Any CPU
		{8F2E9237-883D-4415-8B4A-758E2463E5B5}.Debug|x64.Build.0 = Debug|Any CPU
		{8F2E9237-883D-4415-8B4A-758E2463E5B5}.Debug|x86.ActiveCfg = Debug|Any CPU
		{8F2E9237-883D-4415-8B4A-758E2463E5B5}.Debug|x86.Build.0 = Debug|Any CPU
		{8F2E9237-883D-4415-8B4A-758E2463E5B5}.Release|Any CPU.ActiveCfg = Release|Any CPU
		{8F2E9237-883D-4415-8B4A-758E2463E5B5}.Release|Any CPU.Build.0 = Release|Any CPU
		{8F2E9237-883D-4415-8B4A-758E2463E5B5}.Release|x64.ActiveCfg = Release|Any CPU
		{8F2E9237-883D-4415-8B4A-758E2463E5B5}.Release|x64.Build.0 = Release|Any CPU
		{8F2E9237-883D-4415-8B4A-758E2463E5B5}.Release|x86.ActiveCfg = Release|Any CPU
		{8F2E9237-883D-4415-8B4A-758E2463E5B5}.Release|x86.Build.0 = Release|Any CPU
		{086ACB66-9612-48F9-8848-6C984F5FE460}.Debug|Any CPU.ActiveCfg = Debug|Any CPU
		{086ACB66-9612-48F9-8848-6C984F5FE460}.Debug|Any CPU.Build.0 = Debug|Any CPU
		{086ACB66-9612-48F9-8848-6C984F5FE460}.Debug|x64.ActiveCfg = Debug|Any CPU
		{086ACB66-9612-48F9-8848-6C984F5FE460}.Debug|x64.Build.0 = Debug|Any CPU
		{086ACB66-9612-48F9-8848-6C984F5FE460}.Debug|x86.ActiveCfg = Debug|Any CPU
		{086ACB66-9612-48F9-8848-6C984F5FE460}.Debug|x86.Build.0 = Debug|Any CPU
		{086ACB66-9612-48F9-8848-6C984F5FE460}.Release|Any CPU.ActiveCfg = Release|Any CPU
		{086ACB66-9612-48F9-8848-6C984F5FE460}.Release|Any CPU.Build.0 = Release|Any CPU
		{086ACB66-9612-48F9-8848-6C984F5FE460}.Release|x64.ActiveCfg = Release|Any CPU
		{086ACB66-9612-48F9-8848-6C984F5FE460}.Release|x64.Build.0 = Release|Any CPU
		{086ACB66-9612-48F9-8848-6C984F5FE460}.Release|x86.ActiveCfg = Release|Any CPU
		{086ACB66-9612-48F9-8848-6C984F5FE460}.Release|x86.Build.0 = Release|Any CPU
		{DCFFCDF8-A806-46A3-8FD0-52D5E77DF3F8}.Debug|Any CPU.ActiveCfg = Debug|Any CPU
		{DCFFCDF8-A806-46A3-8FD0-52D5E77DF3F8}.Debug|Any CPU.Build.0 = Debug|Any CPU
		{DCFFCDF8-A806-46A3-8FD0-52D5E77DF3F8}.Debug|x64.ActiveCfg = Debug|Any CPU
		{DCFFCDF8-A806-46A3-8FD0-52D5E77DF3F8}.Debug|x64.Build.0 = Debug|Any CPU
		{DCFFCDF8-A806-46A3-8FD0-52D5E77DF3F8}.Debug|x86.ActiveCfg = Debug|Any CPU
		{DCFFCDF8-A806-46A3-8FD0-52D5E77DF3F8}.Debug|x86.Build.0 = Debug|Any CPU
		{DCFFCDF8-A806-46A3-8FD0-52D5E77DF3F8}.Release|Any CPU.ActiveCfg = Release|Any CPU
		{DCFFCDF8-A806-46A3-8FD0-52D5E77DF3F8}.Release|Any CPU.Build.0 = Release|Any CPU
		{DCFFCDF8-A806-46A3-8FD0-52D5E77DF3F8}.Release|x64.ActiveCfg = Release|Any CPU
		{DCFFCDF8-A806-46A3-8FD0-52D5E77DF3F8}.Release|x64.Build.0 = Release|Any CPU
		{DCFFCDF8-A806-46A3-8FD0-52D5E77DF3F8}.Release|x86.ActiveCfg = Release|Any CPU
		{DCFFCDF8-A806-46A3-8FD0-52D5E77DF3F8}.Release|x86.Build.0 = Release|Any CPU
	EndGlobalSection
EndGlobal
